# THIS IS AN AUTOGENERATED FILE. DO NOT EDIT THIS FILE DIRECTLY.
# yarn lockfile v1


vue@^2.6.12:
  version "2.6.12"
  resolved "https://registry.yarnpkg.com/vue/-/vue-2.6.12.tgz#f5ebd4fa6bd2869403e29a896aed4904456c9123"
  integrity sha512-uhmLFETqPPNyuLLbsKz6ioJ4q7AZHzD8ZVFNATNyICSZouqP2Sz0rotWQC8UNBF6VGSCs5abnKJoStA6JbCbfg==

vuetify@^2.4.4:
  version "2.4.4"
  resolved "https://registry.yarnpkg.com/vuetify/-/vuetify-2.4.4.tgz#529de23b6b0c65ccfd43fe11f0f3a8a0333e68e6"
  integrity sha512-/4+xX9XbcwXBjrtptDxm5S4NXVaVGF8UJ3U7Nk20fl4aM84PGgGyqVCfi8hVa8t1gd+2Wz4FCztbR7JgJcBIQQ==
